{
  "name": "semaphore-example",
  "version": "1.0.0",
  "lockfileVersion": 3,
  "requires": true,
  "packages": {
    "": {
      "name": "semaphore-example",
      "version": "1.0.0",
      "license": "ISC",
      "dependencies": {
        "@semaphore-protocol/contracts": "^4.0.0-beta.9",
        "@semaphore-protocol/group": "^4.0.0-beta.9",
        "@semaphore-protocol/identity": "^4.0.0-beta.9"
      }
    },
    "node_modules/@semaphore-protocol/contracts": {
      "version": "4.0.0-beta.9",
      "resolved": "https://registry.npmjs.org/@semaphore-protocol/contracts/-/contracts-4.0.0-beta.9.tgz",
      "integrity": "sha512-wopECOcJH9fktvHZY+djh5FCTlDfIuF54sAp6LhKariPa9U8PDS8fHv2TM1a1QDl0aAh5fNJ1TVRp7NckDJGNQ==",
      "dependencies": {
        "@zk-kit/imt.sol": "2.0.0-beta.8"
      }
    },
    "node_modules/@semaphore-protocol/group": {
      "version": "4.0.0-beta.9",
      "resolved": "https://registry.npmjs.org/@semaphore-protocol/group/-/group-4.0.0-beta.9.tgz",
      "integrity": "sha512-915L0vEe3u/jPtd1qvUlm5sfroQWish1vi9rCWa91zpDP+VCm0lF2vgmjDuHy6sWcQt5+2wiUhqxu1n8JTWTOg==",
      "dependencies": {
        "@zk-kit/imt": "2.0.0-beta.2",
        "@zk-kit/utils": "1.0.0-beta"
      }
    },
    "node_modules/@semaphore-protocol/group/node_modules/@zk-kit/utils": {
      "version": "1.0.0-beta",
      "resolved": "https://registry.npmjs.org/@zk-kit/utils/-/utils-1.0.0-beta.tgz",
      "integrity": "sha512-9ihWoFFnsxvVsvr/EpxdxXs1WgZuay/ZUWBNvX8oA9/TB/PiB31tpZV93jkH+JG6C2wcDPinNSLkq3qwtYMAQg==",
      "dependencies": {
        "buffer": "^6.0.3"
      }
    },
    "node_modules/@semaphore-protocol/identity": {
      "version": "4.0.0-beta.9",
      "resolved": "https://registry.npmjs.org/@semaphore-protocol/identity/-/identity-4.0.0-beta.9.tgz",
      "integrity": "sha512-MBrVD8xsIucISZqWxyyADW2pM3MG0WKDnPSdXlp24PvOTECvCHMFTUxi3NyGsKSxMxt+UA1V8amUixc5zH2dng==",
      "dependencies": {
        "@zk-kit/baby-jubjub": "0.3.0",
        "@zk-kit/eddsa-poseidon": "0.10.0",
        "@zk-kit/utils": "0.8.1",
        "poseidon-lite": "0.2.0"
      }
    },
    "node_modules/@zk-kit/baby-jubjub": {
      "version": "0.3.0",
      "resolved": "https://registry.npmjs.org/@zk-kit/baby-jubjub/-/baby-jubjub-0.3.0.tgz",
      "integrity": "sha512-mA3/M/+4C2vDtc0SpXf/q/nsvwBh+s42ou176sgDzqIBQD/u/N+LaLGorDh+X5AD3dVMHb8rheFpnnrJmjsqdA==",
      "dependencies": {
        "@zk-kit/utils": "0.6.0"
      }
    },
    "node_modules/@zk-kit/baby-jubjub/node_modules/@zk-kit/utils": {
      "version": "0.6.0",
      "resolved": "https://registry.npmjs.org/@zk-kit/utils/-/utils-0.6.0.tgz",
      "integrity": "sha512-sUF1yVjlGmm7/NIN/+d+N8WOcI77bTzgV5+vZmp/S7lXcy4fmO+5TdHERRsDbs8Ep8K33EOC6V+U+JXzmjSe5A==",
      "dependencies": {
        "buffer": "^6.0.3"
      }
    },
    "node_modules/@zk-kit/eddsa-poseidon": {
      "version": "0.10.0",
      "resolved": "https://registry.npmjs.org/@zk-kit/eddsa-poseidon/-/eddsa-poseidon-0.10.0.tgz",
      "integrity": "sha512-vfHupJeoj0YojulF+SUbeOD6MOamWV6uU/HVFwB7sJNA0N7gnzcjaN1aC5OYr0+5PHui/SYebzKA0LNCL+7M9g==",
      "dependencies": {
        "@zk-kit/baby-jubjub": "0.3.0",
        "@zk-kit/utils": "0.8.1",
        "buffer": "6.0.3"
      }
    },
    "node_modules/@zk-kit/imt": {
      "version": "2.0.0-beta.2",
      "resolved": "https://registry.npmjs.org/@zk-kit/imt/-/imt-2.0.0-beta.2.tgz",
      "integrity": "sha512-pTzGNW7SWNASwXGMOxvgNtlweX0Gak9IT5Bb4Xff7kJgQG1/CQy2GPwK74T+vCcpElJ3xQHgX+XJUyj7TeJRMg=="
    },
    "node_modules/@zk-kit/imt.sol": {
      "version": "2.0.0-beta.8",
      "resolved": "https://registry.npmjs.org/@zk-kit/imt.sol/-/imt.sol-2.0.0-beta.8.tgz",
      "integrity": "sha512-tXF0ypJOi4hNHTTYbp9UUweOWpgFWHahNpZTClJ0SMccy5saMsK1p9SD4HjC30bbWV6Ow4mjLkd5om7Rtul9qg==",
      "dependencies": {
        "poseidon-solidity": "0.0.5"
      }
    },
    "node_modules/@zk-kit/utils": {
      "version": "0.8.1",
      "resolved": "https://registry.npmjs.org/@zk-kit/utils/-/utils-0.8.1.tgz",
      "integrity": "sha512-m5cvnYo5IBZQCO8H5X0Mw3rGRGEoSqlYXVVF1+4M9IT3olDWcJHLPRqtYGF9zNf+vXV/21srpZ0hX3X2Lzp1TQ==",
      "dependencies": {
        "buffer": "^6.0.3"
      }
    },
    "node_modules/base64-js": {
      "version": "1.5.1",
      "resolved": "https://registry.npmjs.org/base64-js/-/base64-js-1.5.1.tgz",
      "integrity": "sha512-AKpaYlHn8t4SVbOHCy+b5+KKgvR4vrsD8vbvrbiQJps7fKDTkjkDry6ji0rUJjC0kzbNePLwzxq8iypo41qeWA==",
      "funding": [
        {
          "type": "github",
          "url": "https://github.com/sponsors/feross"
        },
        {
          "type": "patreon",
          "url": "https://www.patreon.com/feross"
        },
        {
          "type": "consulting",
          "url": "https://feross.org/support"
        }
      ]
    },
    "node_modules/buffer": {
      "version": "6.0.3",
      "resolved": "https://registry.npmjs.org/buffer/-/buffer-6.0.3.tgz",
      "integrity": "sha512-FTiCpNxtwiZZHEZbcbTIcZjERVICn9yq/pDFkTl95/AxzD1naBctN7YO68riM/gLSDY7sdrMby8hofADYuuqOA==",
      "funding": [
        {
          "type": "github",
          "url": "https://github.com/sponsors/feross"
        },
        {
          "type": "patreon",
          "url": "https://www.patreon.com/feross"
        },
        {
          "type": "consulting",
          "url": "https://feross.org/support"
        }
      ],
      "dependencies": {
        "base64-js": "^1.3.1",
        "ieee754": "^1.2.1"
      }
    },
    "node_modules/ieee754": {
      "version": "1.2.1",
      "resolved": "https://registry.npmjs.org/ieee754/-/ieee754-1.2.1.tgz",
      "integrity": "sha512-dcyqhDvX1C46lXZcVqCpK+FtMRQVdIMN6/Df5js2zouUsqG7I6sFxitIC+7KYK29KdXOLHdu9zL4sFnoVQnqaA==",
      "funding": [
        {
          "type": "github",
          "url": "https://github.com/sponsors/feross"
        },
        {
          "type": "patreon",
          "url": "https://www.patreon.com/feross"
        },
        {
          "type": "consulting",
          "url": "https://feross.org/support"
        }
      ]
    },
    "node_modules/poseidon-lite": {
      "version": "0.2.0",
      "resolved": "https://registry.npmjs.org/poseidon-lite/-/poseidon-lite-0.2.0.tgz",
      "integrity": "sha512-vivDZnGmz8W4G/GzVA72PXkfYStjilu83rjjUfpL4PueKcC8nfX6hCPh2XhoC5FBgC6y0TA3YuUeUo5YCcNoig=="
    },
    "node_modules/poseidon-solidity": {
      "version": "0.0.5",
      "resolved": "https://registry.npmjs.org/poseidon-solidity/-/poseidon-solidity-0.0.5.tgz",
      "integrity": "sha512-NzrvSwHzvZgT4hvg2GyGqeR+UOU/eLSEt4wAoXEua+VaR7NTKKwx1X9bPlh1VMBEVEno+IWvkRBbidFGzTeAqQ=="
    }
  }
}
